
Microsoft Visual Studio Solution File, Format Version 12.00
# Visual Studio Version 17
VisualStudioVersion = 17.7.34221.43
MinimumVisualStudioVersion = 10.0.40219.1
Project("{9A19103F-16F7-4668-BE54-9A1E7A4F7556}") = "IzakModOne", "IzakModOne.csproj", "{EC66B101-5617-41B2-8B12-E2B8605512DE}"
EndProject
Global
	GlobalSection(SolutionConfigurationPlatforms) = preSolution
		Debug|Any CPU = Debug|Any CPU
		Release|Any CPU = Release|Any CPU
	EndGlobalSection
	GlobalSection(ProjectConfigurationPlatforms) = postSolution
		{EC66B101-5617-41B2-8B12-E2B8605512DE}.Debug|Any CPU.ActiveCfg = Debug|Any CPU
		{EC66B101-5617-41B2-8B12-E2B8605512DE}.Debug|Any CPU.Build.0 = Debug|Any CPU
		{EC66B101-5617-41B2-8B12-E2B8605512DE}.Release|Any CPU.ActiveCfg = Release|Any CPU
		{EC66B101-5617-41B2-8B12-E2B8605512DE}.Release|Any CPU.Build.0 = Release|Any CPU
	EndGlobalSection
	GlobalSection(SolutionProperties) = preSolution
		HideSolutionNode = FALSE
	EndGlobalSection
	GlobalSection(ExtensibilityGlobals) = postSolution
		SolutionGuid = {B8371DB9-052D-4E05-895E-A94A34568748}
	EndGlobalSection
EndGlobal
